
Microsoft Visual Studio Solution File, Format Version 12.00
# Visual Studio Version 17
VisualStudioVersion = 17.3.32519.111
MinimumVisualStudioVersion = 10.0.40219.1
Project("{9A19103F-16F7-4668-BE54-9A1E7A4F7556}") = "FFsc", "FFsc.csproj", "{DF269B9D-48CC-43C0-B617-E704C44BAB8E}"
EndProject
Project("{9A19103F-16F7-4668-BE54-9A1E7A4F7556}") = "FFscw", "..\FFscw\FFscw.csproj", "{24D57E53-F919-412E-AB7A-4BC4C03885FE}"
EndProject
Project("{9A19103F-16F7-4668-BE54-9A1E7A4F7556}") = "FFscDB", "..\FFscDB\FFscDB.csproj", "{D500C6A0-E4AD-4C36-AC9C-702B9F58C6A7}"
EndProject
Project("{9A19103F-16F7-4668-BE54-9A1E7A4F7556}") = "FFGlobalVar", "..\GlobalVar\FFGlobalVar.csproj", "{DAF17823-1C78-44C9-AA60-F79C426C5B5D}"
EndProject
Global
	GlobalSection(SolutionConfigurationPlatforms) = preSolution
		Debug|Any CPU = Debug|Any CPU
		Release|Any CPU = Release|Any CPU
	EndGlobalSection
	GlobalSection(ProjectConfigurationPlatforms) = postSolution
		{DF269B9D-48CC-43C0-B617-E704C44BAB8E}.Debug|Any CPU.ActiveCfg = Debug|Any CPU
		{DF269B9D-48CC-43C0-B617-E704C44BAB8E}.Debug|Any CPU.Build.0 = Debug|Any CPU
		{DF269B9D-48CC-43C0-B617-E704C44BAB8E}.Release|Any CPU.ActiveCfg = Release|Any CPU
		{DF269B9D-48CC-43C0-B617-E704C44BAB8E}.Release|Any CPU.Build.0 = Release|Any CPU
		{24D57E53-F919-412E-AB7A-4BC4C03885FE}.Debug|Any CPU.ActiveCfg = Debug|Any CPU
		{24D57E53-F919-412E-AB7A-4BC4C03885FE}.Debug|Any CPU.Build.0 = Debug|Any CPU
		{24D57E53-F919-412E-AB7A-4BC4C03885FE}.Release|Any CPU.ActiveCfg = Release|Any CPU
		{24D57E53-F919-412E-AB7A-4BC4C03885FE}.Release|Any CPU.Build.0 = Release|Any CPU
		{D500C6A0-E4AD-4C36-AC9C-702B9F58C6A7}.Debug|Any CPU.ActiveCfg = Debug|Any CPU
		{D500C6A0-E4AD-4C36-AC9C-702B9F58C6A7}.Debug|Any CPU.Build.0 = Debug|Any CPU
		{D500C6A0-E4AD-4C36-AC9C-702B9F58C6A7}.Release|Any CPU.ActiveCfg = Release|Any CPU
		{D500C6A0-E4AD-4C36-AC9C-702B9F58C6A7}.Release|Any CPU.Build.0 = Release|Any CPU
		{DAF17823-1C78-44C9-AA60-F79C426C5B5D}.Debug|Any CPU.ActiveCfg = Debug|Any CPU
		{DAF17823-1C78-44C9-AA60-F79C426C5B5D}.Debug|Any CPU.Build.0 = Debug|Any CPU
		{DAF17823-1C78-44C9-AA60-F79C426C5B5D}.Release|Any CPU.ActiveCfg = Release|Any CPU
		{DAF17823-1C78-44C9-AA60-F79C426C5B5D}.Release|Any CPU.Build.0 = Release|Any CPU
	EndGlobalSection
	GlobalSection(SolutionProperties) = preSolution
		HideSolutionNode = FALSE
	EndGlobalSection
	GlobalSection(ExtensibilityGlobals) = postSolution
		SolutionGuid = {2B885C89-1206-4D75-A932-BC05CDF73AD6}
	EndGlobalSection
EndGlobal
